
Microsoft Visual Studio Solution File, Format Version 12.00
# Visual Studio 15
VisualStudioVersion = 15.0.27130.2010
MinimumVisualStudioVersion = 10.0.40219.1
Project("{FAE04EC0-301F-11D3-BF4B-00C04F79EFBC}") = "CubeNetTrainer", "CubeNetTrainer\CubeNetTrainer.csproj", "{3D8ECD75-1F21-4F98-A46C-A6C46F30C106}"
EndProject
Global
	GlobalSection(SolutionConfigurationPlatforms) = preSolution
		Debug|Any CPU = Debug|Any CPU
		Release|Any CPU = Release|Any CPU
	EndGlobalSection
	GlobalSection(ProjectConfigurationPlatforms) = postSolution
		{3D8ECD75-1F21-4F98-A46C-A6C46F30C106}.Debug|Any CPU.ActiveCfg = Debug|Any CPU
		{3D8ECD75-1F21-4F98-A46C-A6C46F30C106}.Debug|Any CPU.Build.0 = Debug|Any CPU
		{3D8ECD75-1F21-4F98-A46C-A6C46F30C106}.Release|Any CPU.ActiveCfg = Release|Any CPU
		{3D8ECD75-1F21-4F98-A46C-A6C46F30C106}.Release|Any CPU.Build.0 = Release|Any CPU
	EndGlobalSection
	GlobalSection(SolutionProperties) = preSolution
		HideSolutionNode = FALSE
	EndGlobalSection
	GlobalSection(ExtensibilityGlobals) = postSolution
		SolutionGuid = {13178C08-B26B-4AC8-A9AA-D5D3A6FE2B58}
	EndGlobalSection
EndGlobal
